
Microsoft Visual Studio Solution File, Format Version 12.00
# Visual Studio 15
VisualStudioVersion = 15.0.27004.2002
MinimumVisualStudioVersion = 10.0.40219.1
Project("{FAE04EC0-301F-11D3-BF4B-00C04F79EFBC}") = "Districts", "Districts\Districts.csproj", "{F07D1F61-C8A3-4A55-A015-B5E448517D22}"
EndProject
Project("{FAE04EC0-301F-11D3-BF4B-00C04F79EFBC}") = "Tests", "Tests\Tests.csproj", "{72899271-4D4E-4524-A835-C25F6A54922E}"
EndProject
Global
	GlobalSection(SolutionConfigurationPlatforms) = preSolution
		Debug|Any CPU = Debug|Any CPU
		Debug|x86 = Debug|x86
		Release|Any CPU = Release|Any CPU
		Release|x86 = Release|x86
	EndGlobalSection
	GlobalSection(ProjectConfigurationPlatforms) = postSolution
		{F07D1F61-C8A3-4A55-A015-B5E448517D22}.Debug|Any CPU.ActiveCfg = Debug|Any CPU
		{F07D1F61-C8A3-4A55-A015-B5E448517D22}.Debug|Any CPU.Build.0 = Debug|Any CPU
		{F07D1F61-C8A3-4A55-A015-B5E448517D22}.Debug|x86.ActiveCfg = Debug|x86
		{F07D1F61-C8A3-4A55-A015-B5E448517D22}.Debug|x86.Build.0 = Debug|x86
		{F07D1F61-C8A3-4A55-A015-B5E448517D22}.Release|Any CPU.ActiveCfg = Release|Any CPU
		{F07D1F61-C8A3-4A55-A015-B5E448517D22}.Release|Any CPU.Build.0 = Release|Any CPU
		{F07D1F61-C8A3-4A55-A015-B5E448517D22}.Release|x86.ActiveCfg = Release|x86
		{F07D1F61-C8A3-4A55-A015-B5E448517D22}.Release|x86.Build.0 = Release|x86
		{72899271-4D4E-4524-A835-C25F6A54922E}.Debug|Any CPU.ActiveCfg = Debug|Any CPU
		{72899271-4D4E-4524-A835-C25F6A54922E}.Debug|Any CPU.Build.0 = Debug|Any CPU
		{72899271-4D4E-4524-A835-C25F6A54922E}.Debug|x86.ActiveCfg = Debug|x86
		{72899271-4D4E-4524-A835-C25F6A54922E}.Debug|x86.Build.0 = Debug|x86
		{72899271-4D4E-4524-A835-C25F6A54922E}.Release|Any CPU.ActiveCfg = Release|Any CPU
		{72899271-4D4E-4524-A835-C25F6A54922E}.Release|Any CPU.Build.0 = Release|Any CPU
		{72899271-4D4E-4524-A835-C25F6A54922E}.Release|x86.ActiveCfg = Release|x86
		{72899271-4D4E-4524-A835-C25F6A54922E}.Release|x86.Build.0 = Release|x86
	EndGlobalSection
	GlobalSection(SolutionProperties) = preSolution
		HideSolutionNode = FALSE
	EndGlobalSection
	GlobalSection(ExtensibilityGlobals) = postSolution
		SolutionGuid = {27DA9AA5-5362-4884-AEF9-5E6B1E6DD94D}
	EndGlobalSection
EndGlobal
